GEM
  remote: https://rubygems.org/
  specs:
    eventmachine (1.0.3)
    json (1.7.7)
    websocket (1.0.7)
    websocket-eventmachine-base (1.0.2)
      eventmachine (~> 1.0)
      websocket (~> 1.0)
      websocket-native (~> 1.0)
    websocket-eventmachine-client (1.0.1)
      websocket-eventmachine-base (~> 1.0)
    websocket-native (1.0.0)

PLATFORMS
  ruby

DEPENDENCIES
  json
  websocket-eventmachine-client
